// !$*UTF8*$!
{
	archiveVersion = 1;
	classes = {
	};
	objectVersion = 50;
	objects = {

/* Begin PBXBuildFile section */
		6511026E22205DF600F851A1 /* NoDataView.xib in Resources */ = {isa = PBXBuildFile; fileRef = 6511026D22205DF600F851A1 /* NoDataView.xib */; };
		6511027022205E0700F851A1 /* NoDataView.swift in Sources */ = {isa = PBXBuildFile; fileRef = 6511026F22205E0700F851A1 /* NoDataView.swift */; };
		65110276222135BE00F851A1 /* WeatherListCellViewModel.swift in Sources */ = {isa = PBXBuildFile; fileRef = 65110275222135BE00F851A1 /* WeatherListCellViewModel.swift */; };
		654F000122197F80003CD137 /* WeatherService.swift in Sources */ = {isa = PBXBuildFile; fileRef = 654F000022197F80003CD137 /* WeatherService.swift */; };
		654F000322198014003CD137 /* Result.swift in Sources */ = {isa = PBXBuildFile; fileRef = 654F000222198014003CD137 /* Result.swift */; };
		654F000622198045003CD137 /* URL.swift in Sources */ = {isa = PBXBuildFile; fileRef = 654F000522198045003CD137 /* URL.swift */; };
		654F000822198061003CD137 /* Dictionary.swift in Sources */ = {isa = PBXBuildFile; fileRef = 654F000722198061003CD137 /* Dictionary.swift */; };
		654F000A22199056003CD137 /* UISearchBar.swift in Sources */ = {isa = PBXBuildFile; fileRef = 654F000922199056003CD137 /* UISearchBar.swift */; };
		654F000E22199233003CD137 /* WeatherListCell.swift in Sources */ = {isa = PBXBuildFile; fileRef = 654F000C22199233003CD137 /* WeatherListCell.swift */; };
		654F000F22199233003CD137 /* WeatherListTableViewController.swift in Sources */ = {isa = PBXBuildFile; fileRef = 654F000D22199233003CD137 /* WeatherListTableViewController.swift */; };
		654F001122199253003CD137 /* WeatherListViewModel.swift in Sources */ = {isa = PBXBuildFile; fileRef = 654F001022199253003CD137 /* WeatherListViewModel.swift */; };
		654F00152219993A003CD137 /* WeatherModel.swift in Sources */ = {isa = PBXBuildFile; fileRef = 654F00142219993A003CD137 /* WeatherModel.swift */; };
		654FFFFD22197F10003CD137 /* CitySearchViewModel.swift in Sources */ = {isa = PBXBuildFile; fileRef = 654FFFF922197F10003CD137 /* CitySearchViewModel.swift */; };
		654FFFFE22197F10003CD137 /* CitySearchModel.swift in Sources */ = {isa = PBXBuildFile; fileRef = 654FFFFA22197F10003CD137 /* CitySearchModel.swift */; };
		654FFFFF22197F10003CD137 /* CitySearchTableViewController.swift in Sources */ = {isa = PBXBuildFile; fileRef = 654FFFFB22197F10003CD137 /* CitySearchTableViewController.swift */; };
		65A1967D221F09D30020225C /* WeatherDetailTableViewController.swift in Sources */ = {isa = PBXBuildFile; fileRef = 65A1967C221F09D30020225C /* WeatherDetailTableViewController.swift */; };
		65A1967F221F0CB40020225C /* WeatherDetailViewModel.swift in Sources */ = {isa = PBXBuildFile; fileRef = 65A1967E221F0CB40020225C /* WeatherDetailViewModel.swift */; };
		65A19689221F0F500020225C /* UIView.swift in Sources */ = {isa = PBXBuildFile; fileRef = 65A19688221F0F500020225C /* UIView.swift */; };
		65A1968B221F12B50020225C /* WeatherDetailHeaderView.swift in Sources */ = {isa = PBXBuildFile; fileRef = 65A1968A221F12B50020225C /* WeatherDetailHeaderView.swift */; };
		65A1968D221F12F60020225C /* WeatherDetailHeaderView.xib in Resources */ = {isa = PBXBuildFile; fileRef = 65A1968C221F12F60020225C /* WeatherDetailHeaderView.xib */; };
		65A44FD82215D2590003E9A5 /* AppDelegate.swift in Sources */ = {isa = PBXBuildFile; fileRef = 65A44FD72215D2590003E9A5 /* AppDelegate.swift */; };
		65A44FDD2215D2590003E9A5 /* Main.storyboard in Resources */ = {isa = PBXBuildFile; fileRef = 65A44FDB2215D2590003E9A5 /* Main.storyboard */; };
		65A44FDF2215D25B0003E9A5 /* Assets.xcassets in Resources */ = {isa = PBXBuildFile; fileRef = 65A44FDE2215D25B0003E9A5 /* Assets.xcassets */; };
		65A44FE22215D25B0003E9A5 /* LaunchScreen.storyboard in Resources */ = {isa = PBXBuildFile; fileRef = 65A44FE02215D25B0003E9A5 /* LaunchScreen.storyboard */; };
		65AA40B722214C41003BE907 /* DateFormatter.swift in Sources */ = {isa = PBXBuildFile; fileRef = 65AA40B622214C41003BE907 /* DateFormatter.swift */; };
		65AA40B92221675A003BE907 /* Decoder.swift in Sources */ = {isa = PBXBuildFile; fileRef = 65AA40B82221675A003BE907 /* Decoder.swift */; };
		65AA40BB22216F5F003BE907 /* CityWeatherStore.swift in Sources */ = {isa = PBXBuildFile; fileRef = 65AA40BA22216F5F003BE907 /* CityWeatherStore.swift */; };
		65AA40BD2221C9BD003BE907 /* Array.swift in Sources */ = {isa = PBXBuildFile; fileRef = 65AA40BC2221C9BD003BE907 /* Array.swift */; };
		65B2D543221F364800FEB0FE /* WeatherDetailTableViewCell.swift in Sources */ = {isa = PBXBuildFile; fileRef = 65B2D541221F364800FEB0FE /* WeatherDetailTableViewCell.swift */; };
		65B2D544221F364800FEB0FE /* WeatherDetailTableViewCell.xib in Resources */ = {isa = PBXBuildFile; fileRef = 65B2D542221F364800FEB0FE /* WeatherDetailTableViewCell.xib */; };
		65B7C8AE2222E38F005AA0F4 /* WeatherDetailCellViewModel.swift in Sources */ = {isa = PBXBuildFile; fileRef = 65B7C8AD2222E38F005AA0F4 /* WeatherDetailCellViewModel.swift */; };
		65F0622422181BA4009153DA /* WebService.swift in Sources */ = {isa = PBXBuildFile; fileRef = 65F0622322181BA4009153DA /* WebService.swift */; };
		65F0622D22181E2A009153DA /* JSON.swift in Sources */ = {isa = PBXBuildFile; fileRef = 65F0622C22181E2A009153DA /* JSON.swift */; };
/* End PBXBuildFile section */

/* Begin PBXFileReference section */
		6511026D22205DF600F851A1 /* NoDataView.xib */ = {isa = PBXFileReference; lastKnownFileType = file.xib; path = NoDataView.xib; sourceTree = "<group>"; };
		6511026F22205E0700F851A1 /* NoDataView.swift */ = {isa = PBXFileReference; lastKnownFileType = sourcecode.swift; path = NoDataView.swift; sourceTree = "<group>"; };
		65110275222135BE00F851A1 /* WeatherListCellViewModel.swift */ = {isa = PBXFileReference; lastKnownFileType = sourcecode.swift; path = WeatherListCellViewModel.swift; sourceTree = "<group>"; };
		654F000022197F80003CD137 /* WeatherService.swift */ = {isa = PBXFileReference; lastKnownFileType = sourcecode.swift; path = WeatherService.swift; sourceTree = "<group>"; };
		654F000222198014003CD137 /* Result.swift */ = {isa = PBXFileReference; lastKnownFileType = sourcecode.swift; path = Result.swift; sourceTree = "<group>"; };
		654F000522198045003CD137 /* URL.swift */ = {isa = PBXFileReference; lastKnownFileType = sourcecode.swift; path = URL.swift; sourceTree = "<group>"; };
		654F000722198061003CD137 /* Dictionary.swift */ = {isa = PBXFileReference; lastKnownFileType = sourcecode.swift; path = Dictionary.swift; sourceTree = "<group>"; };
		654F000922199056003CD137 /* UISearchBar.swift */ = {isa = PBXFileReference; lastKnownFileType = sourcecode.swift; path = UISearchBar.swift; sourceTree = "<group>"; };
		654F000C22199233003CD137 /* WeatherListCell.swift */ = {isa = PBXFileReference; fileEncoding = 4; lastKnownFileType = sourcecode.swift; path = WeatherListCell.swift; sourceTree = "<group>"; };
		654F000D22199233003CD137 /* WeatherListTableViewController.swift */ = {isa = PBXFileReference; fileEncoding = 4; lastKnownFileType = sourcecode.swift; path = WeatherListTableViewController.swift; sourceTree = "<group>"; };
		654F001022199253003CD137 /* WeatherListViewModel.swift */ = {isa = PBXFileReference; lastKnownFileType = sourcecode.swift; path = WeatherListViewModel.swift; sourceTree = "<group>"; };
		654F00142219993A003CD137 /* WeatherModel.swift */ = {isa = PBXFileReference; lastKnownFileType = sourcecode.swift; path = WeatherModel.swift; sourceTree = "<group>"; };
		654FFFF922197F10003CD137 /* CitySearchViewModel.swift */ = {isa = PBXFileReference; fileEncoding = 4; lastKnownFileType = sourcecode.swift; path = CitySearchViewModel.swift; sourceTree = "<group>"; };
		654FFFFA22197F10003CD137 /* CitySearchModel.swift */ = {isa = PBXFileReference; fileEncoding = 4; lastKnownFileType = sourcecode.swift; path = CitySearchModel.swift; sourceTree = "<group>"; };
		654FFFFB22197F10003CD137 /* CitySearchTableViewController.swift */ = {isa = PBXFileReference; fileEncoding = 4; lastKnownFileType = sourcecode.swift; path = CitySearchTableViewController.swift; sourceTree = "<group>"; };
		65A1967C221F09D30020225C /* WeatherDetailTableViewController.swift */ = {isa = PBXFileReference; lastKnownFileType = sourcecode.swift; path = WeatherDetailTableViewController.swift; sourceTree = "<group>"; };
		65A1967E221F0CB40020225C /* WeatherDetailViewModel.swift */ = {isa = PBXFileReference; lastKnownFileType = sourcecode.swift; path = WeatherDetailViewModel.swift; sourceTree = "<group>"; };
		65A19688221F0F500020225C /* UIView.swift */ = {isa = PBXFileReference; lastKnownFileType = sourcecode.swift; path = UIView.swift; sourceTree = "<group>"; };
		65A1968A221F12B50020225C /* WeatherDetailHeaderView.swift */ = {isa = PBXFileReference; lastKnownFileType = sourcecode.swift; path = WeatherDetailHeaderView.swift; sourceTree = "<group>"; };
		65A1968C221F12F60020225C /* WeatherDetailHeaderView.xib */ = {isa = PBXFileReference; lastKnownFileType = file.xib; path = WeatherDetailHeaderView.xib; sourceTree = "<group>"; };
		65A44FD42215D2590003E9A5 /* VoorDieWind.app */ = {isa = PBXFileReference; explicitFileType = wrapper.application; includeInIndex = 0; path = VoorDieWind.app; sourceTree = BUILT_PRODUCTS_DIR; };
		65A44FD72215D2590003E9A5 /* AppDelegate.swift */ = {isa = PBXFileReference; lastKnownFileType = sourcecode.swift; path = AppDelegate.swift; sourceTree = "<group>"; };
		65A44FDC2215D2590003E9A5 /* Base */ = {isa = PBXFileReference; lastKnownFileType = file.storyboard; name = Base; path = Base.lproj/Main.storyboard; sourceTree = "<group>"; };
		65A44FDE2215D25B0003E9A5 /* Assets.xcassets */ = {isa = PBXFileReference; lastKnownFileType = folder.assetcatalog; path = Assets.xcassets; sourceTree = "<group>"; };
		65A44FE12215D25B0003E9A5 /* Base */ = {isa = PBXFileReference; lastKnownFileType = file.storyboard; name = Base; path = Base.lproj/LaunchScreen.storyboard; sourceTree = "<group>"; };
		65A44FE32215D25B0003E9A5 /* Info.plist */ = {isa = PBXFileReference; lastKnownFileType = text.plist.xml; path = Info.plist; sourceTree = "<group>"; };
		65AA40B622214C41003BE907 /* DateFormatter.swift */ = {isa = PBXFileReference; lastKnownFileType = sourcecode.swift; path = DateFormatter.swift; sourceTree = "<group>"; };
		65AA40B82221675A003BE907 /* Decoder.swift */ = {isa = PBXFileReference; lastKnownFileType = sourcecode.swift; path = Decoder.swift; sourceTree = "<group>"; };
		65AA40BA22216F5F003BE907 /* CityWeatherStore.swift */ = {isa = PBXFileReference; lastKnownFileType = sourcecode.swift; path = CityWeatherStore.swift; sourceTree = "<group>"; };
		65AA40BC2221C9BD003BE907 /* Array.swift */ = {isa = PBXFileReference; lastKnownFileType = sourcecode.swift; path = Array.swift; sourceTree = "<group>"; };
		65B2D541221F364800FEB0FE /* WeatherDetailTableViewCell.swift */ = {isa = PBXFileReference; lastKnownFileType = sourcecode.swift; path = WeatherDetailTableViewCell.swift; sourceTree = "<group>"; };
		65B2D542221F364800FEB0FE /* WeatherDetailTableViewCell.xib */ = {isa = PBXFileReference; lastKnownFileType = file.xib; path = WeatherDetailTableViewCell.xib; sourceTree = "<group>"; };
		65B7C8AD2222E38F005AA0F4 /* WeatherDetailCellViewModel.swift */ = {isa = PBXFileReference; lastKnownFileType = sourcecode.swift; path = WeatherDetailCellViewModel.swift; sourceTree = "<group>"; };
		65F0622322181BA4009153DA /* WebService.swift */ = {isa = PBXFileReference; fileEncoding = 4; lastKnownFileType = sourcecode.swift; path = WebService.swift; sourceTree = "<group>"; };
		65F0622C22181E2A009153DA /* JSON.swift */ = {isa = PBXFileReference; fileEncoding = 4; lastKnownFileType = sourcecode.swift; path = JSON.swift; sourceTree = "<group>"; };
/* End PBXFileReference section */

/* Begin PBXFrameworksBuildPhase section */
		65A44FD12215D2590003E9A5 /* Frameworks */ = {
			isa = PBXFrameworksBuildPhase;
			buildActionMask = 2147483647;
			files = (
			);
			runOnlyForDeploymentPostprocessing = 0;
		};
/* End PBXFrameworksBuildPhase section */

/* Begin PBXGroup section */
		6511026C22205DD400F851A1 /* Shared */ = {
			isa = PBXGroup;
			children = (
				65AA40BA22216F5F003BE907 /* CityWeatherStore.swift */,
				6511026D22205DF600F851A1 /* NoDataView.xib */,
				6511026F22205E0700F851A1 /* NoDataView.swift */,
			);
			path = Shared;
			sourceTree = "<group>";
		};
		654F000422198039003CD137 /* Extensions */ = {
			isa = PBXGroup;
			children = (
				654F000522198045003CD137 /* URL.swift */,
				654F000722198061003CD137 /* Dictionary.swift */,
				654F000922199056003CD137 /* UISearchBar.swift */,
				65A19688221F0F500020225C /* UIView.swift */,
				65AA40BC2221C9BD003BE907 /* Array.swift */,
			);
			path = Extensions;
			sourceTree = "<group>";
		};
		654F000B22199233003CD137 /* WeatherList */ = {
			isa = PBXGroup;
			children = (
				654F00142219993A003CD137 /* WeatherModel.swift */,
				654F000C22199233003CD137 /* WeatherListCell.swift */,
				65110275222135BE00F851A1 /* WeatherListCellViewModel.swift */,
				654F000D22199233003CD137 /* WeatherListTableViewController.swift */,
				654F001022199253003CD137 /* WeatherListViewModel.swift */,
			);
			path = WeatherList;
			sourceTree = "<group>";
		};
		654FFFF722197F10003CD137 /* CitySearch */ = {
			isa = PBXGroup;
			children = (
				654FFFFA22197F10003CD137 /* CitySearchModel.swift */,
				654FFFF922197F10003CD137 /* CitySearchViewModel.swift */,
				654FFFFB22197F10003CD137 /* CitySearchTableViewController.swift */,
			);
			path = CitySearch;
			sourceTree = "<group>";
		};
		65A1967B221F09BF0020225C /* WeatherDetail */ = {
			isa = PBXGroup;
			children = (
				65A1967C221F09D30020225C /* WeatherDetailTableViewController.swift */,
				65A1967E221F0CB40020225C /* WeatherDetailViewModel.swift */,
				65A1968A221F12B50020225C /* WeatherDetailHeaderView.swift */,
				65A1968C221F12F60020225C /* WeatherDetailHeaderView.xib */,
				65B2D541221F364800FEB0FE /* WeatherDetailTableViewCell.swift */,
				65B2D542221F364800FEB0FE /* WeatherDetailTableViewCell.xib */,
				65B7C8AD2222E38F005AA0F4 /* WeatherDetailCellViewModel.swift */,
			);
			path = WeatherDetail;
			sourceTree = "<group>";
		};
		65A44FCB2215D2590003E9A5 = {
			isa = PBXGroup;
			children = (
				65A44FD62215D2590003E9A5 /* VoorDieWind */,
				65A44FD52215D2590003E9A5 /* Products */,
			);
			sourceTree = "<group>";
		};
		65A44FD52215D2590003E9A5 /* Products */ = {
			isa = PBXGroup;
			children = (
				65A44FD42215D2590003E9A5 /* VoorDieWind.app */,
			);
			name = Products;
			sourceTree = "<group>";
		};
		65A44FD62215D2590003E9A5 /* VoorDieWind */ = {
			isa = PBXGroup;
			children = (
				654F000B22199233003CD137 /* WeatherList */,
				654FFFF722197F10003CD137 /* CitySearch */,
				65A1967B221F09BF0020225C /* WeatherDetail */,
				6511026C22205DD400F851A1 /* Shared */,
				654F000422198039003CD137 /* Extensions */,
				65F0622B22181E2A009153DA /* Helpers */,
				65F0622222181BA4009153DA /* Network */,
				65A44FD72215D2590003E9A5 /* AppDelegate.swift */,
				65A44FDB2215D2590003E9A5 /* Main.storyboard */,
				65A44FDE2215D25B0003E9A5 /* Assets.xcassets */,
				65A44FE02215D25B0003E9A5 /* LaunchScreen.storyboard */,
				65A44FE32215D25B0003E9A5 /* Info.plist */,
			);
			path = VoorDieWind;
			sourceTree = "<group>";
		};
		65F0622222181BA4009153DA /* Network */ = {
			isa = PBXGroup;
			children = (
				65F0622322181BA4009153DA /* WebService.swift */,
				654F000022197F80003CD137 /* WeatherService.swift */,
			);
			path = Network;
			sourceTree = "<group>";
		};
		65F0622B22181E2A009153DA /* Helpers */ = {
			isa = PBXGroup;
			children = (
				65F0622C22181E2A009153DA /* JSON.swift */,
				654F000222198014003CD137 /* Result.swift */,
				65AA40B622214C41003BE907 /* DateFormatter.swift */,
				65AA40B82221675A003BE907 /* Decoder.swift */,
			);
			path = Helpers;
			sourceTree = "<group>";
		};
/* End PBXGroup section */

/* Begin PBXNativeTarget section */
		65A44FD32215D2590003E9A5 /* VoorDieWind */ = {
			isa = PBXNativeTarget;
			buildConfigurationList = 65A44FE62215D25B0003E9A5 /* Build configuration list for PBXNativeTarget "VoorDieWind" */;
			buildPhases = (
				65A44FD02215D2590003E9A5 /* Sources */,
				65A44FD12215D2590003E9A5 /* Frameworks */,
				65A44FD22215D2590003E9A5 /* Resources */,
			);
			buildRules = (
			);
			dependencies = (
			);
			name = VoorDieWind;
			productName = VoorDieWind;
			productReference = 65A44FD42215D2590003E9A5 /* VoorDieWind.app */;
			productType = "com.apple.product-type.application";
		};
/* End PBXNativeTarget section */

/* Begin PBXProject section */
		65A44FCC2215D2590003E9A5 /* Project object */ = {
			isa = PBXProject;
			attributes = {
				LastSwiftUpdateCheck = 1010;
				LastUpgradeCheck = 1010;
				ORGANIZATIONNAME = "Andre Louw";
				TargetAttributes = {
					65A44FD32215D2590003E9A5 = {
						CreatedOnToolsVersion = 10.1;
					};
				};
			};
			buildConfigurationList = 65A44FCF2215D2590003E9A5 /* Build configuration list for PBXProject "VoorDieWind" */;
			compatibilityVersion = "Xcode 9.3";
			developmentRegion = en;
			hasScannedForEncodings = 0;
			knownRegions = (
				en,
				Base,
			);
			mainGroup = 65A44FCB2215D2590003E9A5;
			productRefGroup = 65A44FD52215D2590003E9A5 /* Products */;
			projectDirPath = "";
			projectRoot = "";
			targets = (
				65A44FD32215D2590003E9A5 /* VoorDieWind */,
			);
		};
/* End PBXProject section */

/* Begin PBXResourcesBuildPhase section */
		65A44FD22215D2590003E9A5 /* Resources */ = {
			isa = PBXResourcesBuildPhase;
			buildActionMask = 2147483647;
			files = (
				65A44FE22215D25B0003E9A5 /* LaunchScreen.storyboard in Resources */,
				65A44FDF2215D25B0003E9A5 /* Assets.xcassets in Resources */,
				65B2D544221F364800FEB0FE /* WeatherDetailTableViewCell.xib in Resources */,
				6511026E22205DF600F851A1 /* NoDataView.xib in Resources */,
				65A44FDD2215D2590003E9A5 /* Main.storyboard in Resources */,
				65A1968D221F12F60020225C /* WeatherDetailHeaderView.xib in Resources */,
			);
			runOnlyForDeploymentPostprocessing = 0;
		};
/* End PBXResourcesBuildPhase section */

/* Begin PBXSourcesBuildPhase section */
		65A44FD02215D2590003E9A5 /* Sources */ = {
			isa = PBXSourcesBuildPhase;
			buildActionMask = 2147483647;
			files = (
				65AA40B722214C41003BE907 /* DateFormatter.swift in Sources */,
				65B2D543221F364800FEB0FE /* WeatherDetailTableViewCell.swift in Sources */,
				654F000122197F80003CD137 /* WeatherService.swift in Sources */,
				65A1967F221F0CB40020225C /* WeatherDetailViewModel.swift in Sources */,
				65A1967D221F09D30020225C /* WeatherDetailTableViewController.swift in Sources */,
				654FFFFE22197F10003CD137 /* CitySearchModel.swift in Sources */,
				654F000F22199233003CD137 /* WeatherListTableViewController.swift in Sources */,
				654F000822198061003CD137 /* Dictionary.swift in Sources */,
				65F0622422181BA4009153DA /* WebService.swift in Sources */,
				65AA40BD2221C9BD003BE907 /* Array.swift in Sources */,
				654F000E22199233003CD137 /* WeatherListCell.swift in Sources */,
				654F000A22199056003CD137 /* UISearchBar.swift in Sources */,
				654FFFFF22197F10003CD137 /* CitySearchTableViewController.swift in Sources */,
				65A19689221F0F500020225C /* UIView.swift in Sources */,
				65A1968B221F12B50020225C /* WeatherDetailHeaderView.swift in Sources */,
				6511027022205E0700F851A1 /* NoDataView.swift in Sources */,
				65110276222135BE00F851A1 /* WeatherListCellViewModel.swift in Sources */,
				654FFFFD22197F10003CD137 /* CitySearchViewModel.swift in Sources */,
				65B7C8AE2222E38F005AA0F4 /* WeatherDetailCellViewModel.swift in Sources */,
				65AA40BB22216F5F003BE907 /* CityWeatherStore.swift in Sources */,
				654F001122199253003CD137 /* WeatherListViewModel.swift in Sources */,
				65F0622D22181E2A009153DA /* JSON.swift in Sources */,
				65A44FD82215D2590003E9A5 /* AppDelegate.swift in Sources */,
				654F00152219993A003CD137 /* WeatherModel.swift in Sources */,
				654F000322198014003CD137 /* Result.swift in Sources */,
				65AA40B92221675A003BE907 /* Decoder.swift in Sources */,
				654F000622198045003CD137 /* URL.swift in Sources */,
			);
			runOnlyForDeploymentPostprocessing = 0;
		};
/* End PBXSourcesBuildPhase section */

/* Begin PBXVariantGroup section */
		65A44FDB2215D2590003E9A5 /* Main.storyboard */ = {
			isa = PBXVariantGroup;
			children = (
				65A44FDC2215D2590003E9A5 /* Base */,
			);
			name = Main.storyboard;
			sourceTree = "<group>";
		};
		65A44FE02215D25B0003E9A5 /* LaunchScreen.storyboard */ = {
			isa = PBXVariantGroup;
			children = (
				65A44FE12215D25B0003E9A5 /* Base */,
			);
			name = LaunchScreen.storyboard;
			sourceTree = "<group>";
		};
/* End PBXVariantGroup section */

/* Begin XCBuildConfiguration section */
		65A44FE42215D25B0003E9A5 /* Debug */ = {
			isa = XCBuildConfiguration;
			buildSettings = {
				ALWAYS_SEARCH_USER_PATHS = NO;
				CLANG_ANALYZER_NONNULL = YES;
				CLANG_ANALYZER_NUMBER_OBJECT_CONVERSION = YES_AGGRESSIVE;
				CLANG_CXX_LANGUAGE_STANDARD = "gnu++14";
				CLANG_CXX_LIBRARY = "libc++";
				CLANG_ENABLE_MODULES = YES;
				CLANG_ENABLE_OBJC_ARC = YES;
				CLANG_ENABLE_OBJC_WEAK = YES;
				CLANG_WARN_BLOCK_CAPTURE_AUTORELEASING = YES;
				CLANG_WARN_BOOL_CONVERSION = YES;
				CLANG_WARN_COMMA = YES;
				CLANG_WARN_CONSTANT_CONVERSION = YES;
				CLANG_WARN_DEPRECATED_OBJC_IMPLEMENTATIONS = YES;
				CLANG_WARN_DIRECT_OBJC_ISA_USAGE = YES_ERROR;
				CLANG_WARN_DOCUMENTATION_COMMENTS = YES;
				CLANG_WARN_EMPTY_BODY = YES;
				CLANG_WARN_ENUM_CONVERSION = YES;
				CLANG_WARN_INFINITE_RECURSION = YES;
				CLANG_WARN_INT_CONVERSION = YES;
				CLANG_WARN_NON_LITERAL_NULL_CONVERSION = YES;
				CLANG_WARN_OBJC_IMPLICIT_RETAIN_SELF = YES;
				CLANG_WARN_OBJC_LITERAL_CONVERSION = YES;
				CLANG_WARN_OBJC_ROOT_CLASS = YES_ERROR;
				CLANG_WARN_RANGE_LOOP_ANALYSIS = YES;
				CLANG_WARN_STRICT_PROTOTYPES = YES;
				CLANG_WARN_SUSPICIOUS_MOVE = YES;
				CLANG_WARN_UNGUARDED_AVAILABILITY = YES_AGGRESSIVE;
				CLANG_WARN_UNREACHABLE_CODE = YES;
				CLANG_WARN__DUPLICATE_METHOD_MATCH = YES;
				CODE_SIGN_IDENTITY = "iPhone Developer";
				COPY_PHASE_STRIP = NO;
				DEBUG_INFORMATION_FORMAT = dwarf;
				ENABLE_STRICT_OBJC_MSGSEND = YES;
				ENABLE_TESTABILITY = YES;
				GCC_C_LANGUAGE_STANDARD = gnu11;
				GCC_DYNAMIC_NO_PIC = NO;
				GCC_NO_COMMON_BLOCKS = YES;
				GCC_OPTIMIZATION_LEVEL = 0;
				GCC_PREPROCESSOR_DEFINITIONS = (
					"DEBUG=1",
					"$(inherited)",
				);
				GCC_WARN_64_TO_32_BIT_CONVERSION = YES;
				GCC_WARN_ABOUT_RETURN_TYPE = YES_ERROR;
				GCC_WARN_UNDECLARED_SELECTOR = YES;
				GCC_WARN_UNINITIALIZED_AUTOS = YES_AGGRESSIVE;
				GCC_WARN_UNUSED_FUNCTION = YES;
				GCC_WARN_UNUSED_VARIABLE = YES;
				IPHONEOS_DEPLOYMENT_TARGET = 12.1;
				MTL_ENABLE_DEBUG_INFO = INCLUDE_SOURCE;
				MTL_FAST_MATH = YES;
				ONLY_ACTIVE_ARCH = YES;
				SDKROOT = iphoneos;
				SWIFT_ACTIVE_COMPILATION_CONDITIONS = DEBUG;
				SWIFT_OPTIMIZATION_LEVEL = "-Onone";
			};
			name = Debug;
		};
		65A44FE52215D25B0003E9A5 /* Release */ = {
			isa = XCBuildConfiguration;
			buildSettings = {
				ALWAYS_SEARCH_USER_PATHS = NO;
				CLANG_ANALYZER_NONNULL = YES;
				CLANG_ANALYZER_NUMBER_OBJECT_CONVERSION = YES_AGGRESSIVE;
				CLANG_CXX_LANGUAGE_STANDARD = "gnu++14";
				CLANG_CXX_LIBRARY = "libc++";
				CLANG_ENABLE_MODULES = YES;
				CLANG_ENABLE_OBJC_ARC = YES;
				CLANG_ENABLE_OBJC_WEAK = YES;
				CLANG_WARN_BLOCK_CAPTURE_AUTORELEASING = YES;
				CLANG_WARN_BOOL_CONVERSION = YES;
				CLANG_WARN_COMMA = YES;
				CLANG_WARN_CONSTANT_CONVERSION = YES;
				CLANG_WARN_DEPRECATED_OBJC_IMPLEMENTATIONS = YES;
				CLANG_WARN_DIRECT_OBJC_ISA_USAGE = YES_ERROR;
				CLANG_WARN_DOCUMENTATION_COMMENTS = YES;
				CLANG_WARN_EMPTY_BODY = YES;
				CLANG_WARN_ENUM_CONVERSION = YES;
				CLANG_WARN_INFINITE_RECURSION = YES;
				CLANG_WARN_INT_CONVERSION = YES;
				CLANG_WARN_NON_LITERAL_NULL_CONVERSION = YES;
				CLANG_WARN_OBJC_IMPLICIT_RETAIN_SELF = YES;
				CLANG_WARN_OBJC_LITERAL_CONVERSION = YES;
				CLANG_WARN_OBJC_ROOT_CLASS = YES_ERROR;
				CLANG_WARN_RANGE_LOOP_ANALYSIS = YES;
				CLANG_WARN_STRICT_PROTOTYPES = YES;
				CLANG_WARN_SUSPICIOUS_MOVE = YES;
				CLANG_WARN_UNGUARDED_AVAILABILITY = YES_AGGRESSIVE;
				CLANG_WARN_UNREACHABLE_CODE = YES;
				CLANG_WARN__DUPLICATE_METHOD_MATCH = YES;
				CODE_SIGN_IDENTITY = "iPhone Developer";
				COPY_PHASE_STRIP = NO;
				DEBUG_INFORMATION_FORMAT = "dwarf-with-dsym";
				ENABLE_NS_ASSERTIONS = NO;
				ENABLE_STRICT_OBJC_MSGSEND = YES;
				GCC_C_LANGUAGE_STANDARD = gnu11;
				GCC_NO_COMMON_BLOCKS = YES;
				GCC_WARN_64_TO_32_BIT_CONVERSION = YES;
				GCC_WARN_ABOUT_RETURN_TYPE = YES_ERROR;
				GCC_WARN_UNDECLARED_SELECTOR = YES;
				GCC_WARN_UNINITIALIZED_AUTOS = YES_AGGRESSIVE;
				GCC_WARN_UNUSED_FUNCTION = YES;
				GCC_WARN_UNUSED_VARIABLE = YES;
				IPHONEOS_DEPLOYMENT_TARGET = 12.1;
				MTL_ENABLE_DEBUG_INFO = NO;
				MTL_FAST_MATH = YES;
				SDKROOT = iphoneos;
				SWIFT_COMPILATION_MODE = wholemodule;
				SWIFT_OPTIMIZATION_LEVEL = "-O";
				VALIDATE_PRODUCT = YES;
			};
			name = Release;
		};
		65A44FE72215D25B0003E9A5 /* Debug */ = {
			isa = XCBuildConfiguration;
			buildSettings = {
				ASSETCATALOG_COMPILER_APPICON_NAME = AppIcon;
				CODE_SIGN_STYLE = Automatic;
				DEVELOPMENT_TEAM = 7S8Y49449L;
				INFOPLIST_FILE = VoorDieWind/Info.plist;
				LD_RUNPATH_SEARCH_PATHS = (
					"$(inherited)",
					"@executable_path/Frameworks",
				);
				PRODUCT_BUNDLE_IDENTIFIER = example.VoorDieWind;
				PRODUCT_NAME = "$(TARGET_NAME)";
				SWIFT_VERSION = 4.2;
				TARGETED_DEVICE_FAMILY = "1,2";
			};
			name = Debug;
		};
		65A44FE82215D25B0003E9A5 /* Release */ = {
			isa = XCBuildConfiguration;
			buildSettings = {
				ASSETCATALOG_COMPILER_APPICON_NAME = AppIcon;
				CODE_SIGN_STYLE = Automatic;
				DEVELOPMENT_TEAM = 7S8Y49449L;
				INFOPLIST_FILE = VoorDieWind/Info.plist;
				LD_RUNPATH_SEARCH_PATHS = (
					"$(inherited)",
					"@executable_path/Frameworks",
				);
				PRODUCT_BUNDLE_IDENTIFIER = example.VoorDieWind;
				PRODUCT_NAME = "$(TARGET_NAME)";
				SWIFT_VERSION = 4.2;
				TARGETED_DEVICE_FAMILY = "1,2";
			};
			name = Release;
		};
/* End XCBuildConfiguration section */

/* Begin XCConfigurationList section */
		65A44FCF2215D2590003E9A5 /* Build configuration list for PBXProject "VoorDieWind" */ = {
			isa = XCConfigurationList;
			buildConfigurations = (
				65A44FE42215D25B0003E9A5 /* Debug */,
				65A44FE52215D25B0003E9A5 /* Release */,
			);
			defaultConfigurationIsVisible = 0;
			defaultConfigurationName = Release;
		};
		65A44FE62215D25B0003E9A5 /* Build configuration list for PBXNativeTarget "VoorDieWind" */ = {
			isa = XCConfigurationList;
			buildConfigurations = (
				65A44FE72215D25B0003E9A5 /* Debug */,
				65A44FE82215D25B0003E9A5 /* Release */,
			);
			defaultConfigurationIsVisible = 0;
			defaultConfigurationName = Release;
		};
/* End XCConfigurationList section */
	};
	rootObject = 65A44FCC2215D2590003E9A5 /* Project object */;
}
